
Microsoft Visual Studio Solution File, Format Version 12.00
# Visual Studio 15
VisualStudioVersion = 15.0.26124.0
MinimumVisualStudioVersion = 15.0.26124.0
Project("{2150E333-8FDC-42A3-9474-1A3956D46DE8}") = "src", "src", "{3E398A60-F601-11EA-A193-6D264ADC49FD}"
EndProject
Project("{2150E333-8FDC-42A3-9474-1A3956D46DE8}") = "Web", "Web", "{422E1D20-F601-11EA-A193-6D264ADC49FD}"
EndProject
Project("{2150E333-8FDC-42A3-9474-1A3956D46DE8}") = "BuildingBlocks", "BuildingBlocks", "{47EBB010-F601-11EA-A193-6D264ADC49FD}"
EndProject
Project("{2150E333-8FDC-42A3-9474-1A3956D46DE8}") = "Services", "Services", "{4C2F2620-F601-11EA-A193-6D264ADC49FD}"
EndProject
Project("{2150E333-8FDC-42A3-9474-1A3956D46DE8}") = "Carrinho", "Carrinho", "{5120B680-F601-11EA-A193-6D264ADC49FD}"
EndProject
Project("{2150E333-8FDC-42A3-9474-1A3956D46DE8}") = "Catalogo", "Catalogo", "{5B7DE940-F601-11EA-A193-6D264ADC49FD}"
EndProject
Project("{2150E333-8FDC-42A3-9474-1A3956D46DE8}") = "Cliente", "Cliente", "{5FF40810-F601-11EA-A193-6D264ADC49FD}"
EndProject
Project("{2150E333-8FDC-42A3-9474-1A3956D46DE8}") = "Identidade", "Identidade", "{6496B520-F601-11EA-A193-6D264ADC49FD}"
EndProject
Project("{2150E333-8FDC-42A3-9474-1A3956D46DE8}") = "Pagamento", "Pagamento", "{69568720-F601-11EA-A193-6D264ADC49FD}"
EndProject
Project("{2150E333-8FDC-42A3-9474-1A3956D46DE8}") = "Pedido", "Pedido", "{732DC100-F601-11EA-A193-6D264ADC49FD}"
EndProject
Project("{2150E333-8FDC-42A3-9474-1A3956D46DE8}") = "MVC", "MVC", "{7877AA90-F601-11EA-A193-6D264ADC49FD}"
EndProject
Project("{2150E333-8FDC-42A3-9474-1A3956D46DE8}") = "Core", "Core", "{819112B0-F601-11EA-A193-6D264ADC49FD}"
EndProject
Project("{FAE04EC0-301F-11D3-BF4B-00C04F79EFBC}") = "NSE.Carrinho.API", "src\Services\NSE.Carrinho.API\NSE.Carrinho.API.csproj", "{C211B4C2-3D31-44BD-A506-B366927A8688}"
EndProject
Project("{FAE04EC0-301F-11D3-BF4B-00C04F79EFBC}") = "NSE.Catalogo.API", "src\Services\NSE.Catalogo.API\NSE.Catalogo.API.csproj", "{9203B541-0DE4-474E-BC24-CA258939CCFB}"
EndProject
Project("{FAE04EC0-301F-11D3-BF4B-00C04F79EFBC}") = "NSE.Cliente.API", "src\Services\NSE.Cliente.API\NSE.Cliente.API.csproj", "{9D9861B3-3410-4303-8988-5B693152BB5A}"
EndProject
Project("{FAE04EC0-301F-11D3-BF4B-00C04F79EFBC}") = "NSE.Identidade.API", "src\Services\NSE.Identidade.API\NSE.Identidade.API.csproj", "{C4D27302-6AF5-4A01-B420-57CF6FBA76B5}"
EndProject
Project("{FAE04EC0-301F-11D3-BF4B-00C04F79EFBC}") = "NSE.Pagamento.API", "src\Services\NSE.Pagamento.API\NSE.Pagamento.API.csproj", "{51A05FAE-A3CB-46FF-81D9-8D681FBEC157}"
EndProject
Project("{FAE04EC0-301F-11D3-BF4B-00C04F79EFBC}") = "NSE.Pedido.API", "src\Services\NSE.Pedido.API\NSE.Pedido.API.csproj", "{3F38F51D-C232-4A0C-AF71-6206ED6A61E8}"
EndProject
Project("{FAE04EC0-301F-11D3-BF4B-00C04F79EFBC}") = "NSE.WebApp.MVC", "src\Web\NSE.WebApp.MVC\NSE.WebApp.MVC.csproj", "{EA1A77B9-F143-4906-8989-23AB89E0E680}"
EndProject
Project("{FAE04EC0-301F-11D3-BF4B-00C04F79EFBC}") = "NSE.Core", "src\BuildingBlocks\NSE.Core\NSE.Core.csproj", "{F55F92EF-45A6-4150-A8E5-6D5BEB7F6352}"
EndProject
Global
	GlobalSection(SolutionConfigurationPlatforms) = preSolution
		Debug|Any CPU = Debug|Any CPU
		Debug|x64 = Debug|x64
		Debug|x86 = Debug|x86
		Release|Any CPU = Release|Any CPU
		Release|x64 = Release|x64
		Release|x86 = Release|x86
	EndGlobalSection
	GlobalSection(SolutionProperties) = preSolution
		HideSolutionNode = FALSE
	EndGlobalSection
	GlobalSection(NestedProjects) = preSolution
		{819112B0-F601-11EA-A193-6D264ADC49FD} = {47EBB010-F601-11EA-A193-6D264ADC49FD}
		{7877AA90-F601-11EA-A193-6D264ADC49FD} = {422E1D20-F601-11EA-A193-6D264ADC49FD}
		{732DC100-F601-11EA-A193-6D264ADC49FD} = {4C2F2620-F601-11EA-A193-6D264ADC49FD}
		{69568720-F601-11EA-A193-6D264ADC49FD} = {4C2F2620-F601-11EA-A193-6D264ADC49FD}
		{6496B520-F601-11EA-A193-6D264ADC49FD} = {4C2F2620-F601-11EA-A193-6D264ADC49FD}
		{5FF40810-F601-11EA-A193-6D264ADC49FD} = {4C2F2620-F601-11EA-A193-6D264ADC49FD}
		{5B7DE940-F601-11EA-A193-6D264ADC49FD} = {4C2F2620-F601-11EA-A193-6D264ADC49FD}
		{5120B680-F601-11EA-A193-6D264ADC49FD} = {4C2F2620-F601-11EA-A193-6D264ADC49FD}
		{4C2F2620-F601-11EA-A193-6D264ADC49FD} = {3E398A60-F601-11EA-A193-6D264ADC49FD}
		{47EBB010-F601-11EA-A193-6D264ADC49FD} = {3E398A60-F601-11EA-A193-6D264ADC49FD}
		{422E1D20-F601-11EA-A193-6D264ADC49FD} = {3E398A60-F601-11EA-A193-6D264ADC49FD}
		{C211B4C2-3D31-44BD-A506-B366927A8688} = {5120B680-F601-11EA-A193-6D264ADC49FD}
		{9203B541-0DE4-474E-BC24-CA258939CCFB} = {5B7DE940-F601-11EA-A193-6D264ADC49FD}
		{9D9861B3-3410-4303-8988-5B693152BB5A} = {5FF40810-F601-11EA-A193-6D264ADC49FD}
		{C4D27302-6AF5-4A01-B420-57CF6FBA76B5} = {6496B520-F601-11EA-A193-6D264ADC49FD}
		{51A05FAE-A3CB-46FF-81D9-8D681FBEC157} = {69568720-F601-11EA-A193-6D264ADC49FD}
		{3F38F51D-C232-4A0C-AF71-6206ED6A61E8} = {732DC100-F601-11EA-A193-6D264ADC49FD}
		{EA1A77B9-F143-4906-8989-23AB89E0E680} = {7877AA90-F601-11EA-A193-6D264ADC49FD}
		{F55F92EF-45A6-4150-A8E5-6D5BEB7F6352} = {819112B0-F601-11EA-A193-6D264ADC49FD}
	EndGlobalSection
	GlobalSection(ProjectConfigurationPlatforms) = postSolution
		{C211B4C2-3D31-44BD-A506-B366927A8688}.Debug|Any CPU.ActiveCfg = Debug|Any CPU
		{C211B4C2-3D31-44BD-A506-B366927A8688}.Debug|Any CPU.Build.0 = Debug|Any CPU
		{C211B4C2-3D31-44BD-A506-B366927A8688}.Debug|x64.ActiveCfg = Debug|Any CPU
		{C211B4C2-3D31-44BD-A506-B366927A8688}.Debug|x64.Build.0 = Debug|Any CPU
		{C211B4C2-3D31-44BD-A506-B366927A8688}.Debug|x86.ActiveCfg = Debug|Any CPU
		{C211B4C2-3D31-44BD-A506-B366927A8688}.Debug|x86.Build.0 = Debug|Any CPU
		{C211B4C2-3D31-44BD-A506-B366927A8688}.Release|Any CPU.ActiveCfg = Release|Any CPU
		{C211B4C2-3D31-44BD-A506-B366927A8688}.Release|Any CPU.Build.0 = Release|Any CPU
		{C211B4C2-3D31-44BD-A506-B366927A8688}.Release|x64.ActiveCfg = Release|Any CPU
		{C211B4C2-3D31-44BD-A506-B366927A8688}.Release|x64.Build.0 = Release|Any CPU
		{C211B4C2-3D31-44BD-A506-B366927A8688}.Release|x86.ActiveCfg = Release|Any CPU
		{C211B4C2-3D31-44BD-A506-B366927A8688}.Release|x86.Build.0 = Release|Any CPU
		{9203B541-0DE4-474E-BC24-CA258939CCFB}.Debug|Any CPU.ActiveCfg = Debug|Any CPU
		{9203B541-0DE4-474E-BC24-CA258939CCFB}.Debug|Any CPU.Build.0 = Debug|Any CPU
		{9203B541-0DE4-474E-BC24-CA258939CCFB}.Debug|x64.ActiveCfg = Debug|Any CPU
		{9203B541-0DE4-474E-BC24-CA258939CCFB}.Debug|x64.Build.0 = Debug|Any CPU
		{9203B541-0DE4-474E-BC24-CA258939CCFB}.Debug|x86.ActiveCfg = Debug|Any CPU
		{9203B541-0DE4-474E-BC24-CA258939CCFB}.Debug|x86.Build.0 = Debug|Any CPU
		{9203B541-0DE4-474E-BC24-CA258939CCFB}.Release|Any CPU.ActiveCfg = Release|Any CPU
		{9203B541-0DE4-474E-BC24-CA258939CCFB}.Release|Any CPU.Build.0 = Release|Any CPU
		{9203B541-0DE4-474E-BC24-CA258939CCFB}.Release|x64.ActiveCfg = Release|Any CPU
		{9203B541-0DE4-474E-BC24-CA258939CCFB}.Release|x64.Build.0 = Release|Any CPU
		{9203B541-0DE4-474E-BC24-CA258939CCFB}.Release|x86.ActiveCfg = Release|Any CPU
		{9203B541-0DE4-474E-BC24-CA258939CCFB}.Release|x86.Build.0 = Release|Any CPU
		{9D9861B3-3410-4303-8988-5B693152BB5A}.Debug|Any CPU.ActiveCfg = Debug|Any CPU
		{9D9861B3-3410-4303-8988-5B693152BB5A}.Debug|Any CPU.Build.0 = Debug|Any CPU
		{9D9861B3-3410-4303-8988-5B693152BB5A}.Debug|x64.ActiveCfg = Debug|Any CPU
		{9D9861B3-3410-4303-8988-5B693152BB5A}.Debug|x64.Build.0 = Debug|Any CPU
		{9D9861B3-3410-4303-8988-5B693152BB5A}.Debug|x86.ActiveCfg = Debug|Any CPU
		{9D9861B3-3410-4303-8988-5B693152BB5A}.Debug|x86.Build.0 = Debug|Any CPU
		{9D9861B3-3410-4303-8988-5B693152BB5A}.Release|Any CPU.ActiveCfg = Release|Any CPU
		{9D9861B3-3410-4303-8988-5B693152BB5A}.Release|Any CPU.Build.0 = Release|Any CPU
		{9D9861B3-3410-4303-8988-5B693152BB5A}.Release|x64.ActiveCfg = Release|Any CPU
		{9D9861B3-3410-4303-8988-5B693152BB5A}.Release|x64.Build.0 = Release|Any CPU
		{9D9861B3-3410-4303-8988-5B693152BB5A}.Release|x86.ActiveCfg = Release|Any CPU
		{9D9861B3-3410-4303-8988-5B693152BB5A}.Release|x86.Build.0 = Release|Any CPU
		{C4D27302-6AF5-4A01-B420-57CF6FBA76B5}.Debug|Any CPU.ActiveCfg = Debug|Any CPU
		{C4D27302-6AF5-4A01-B420-57CF6FBA76B5}.Debug|Any CPU.Build.0 = Debug|Any CPU
		{C4D27302-6AF5-4A01-B420-57CF6FBA76B5}.Debug|x64.ActiveCfg = Debug|Any CPU
		{C4D27302-6AF5-4A01-B420-57CF6FBA76B5}.Debug|x64.Build.0 = Debug|Any CPU
		{C4D27302-6AF5-4A01-B420-57CF6FBA76B5}.Debug|x86.ActiveCfg = Debug|Any CPU
		{C4D27302-6AF5-4A01-B420-57CF6FBA76B5}.Debug|x86.Build.0 = Debug|Any CPU
		{C4D27302-6AF5-4A01-B420-57CF6FBA76B5}.Release|Any CPU.ActiveCfg = Release|Any CPU
		{C4D27302-6AF5-4A01-B420-57CF6FBA76B5}.Release|Any CPU.Build.0 = Release|Any CPU
		{C4D27302-6AF5-4A01-B420-57CF6FBA76B5}.Release|x64.ActiveCfg = Release|Any CPU
		{C4D27302-6AF5-4A01-B420-57CF6FBA76B5}.Release|x64.Build.0 = Release|Any CPU
		{C4D27302-6AF5-4A01-B420-57CF6FBA76B5}.Release|x86.ActiveCfg = Release|Any CPU
		{C4D27302-6AF5-4A01-B420-57CF6FBA76B5}.Release|x86.Build.0 = Release|Any CPU
		{51A05FAE-A3CB-46FF-81D9-8D681FBEC157}.Debug|Any CPU.ActiveCfg = Debug|Any CPU
		{51A05FAE-A3CB-46FF-81D9-8D681FBEC157}.Debug|Any CPU.Build.0 = Debug|Any CPU
		{51A05FAE-A3CB-46FF-81D9-8D681FBEC157}.Debug|x64.ActiveCfg = Debug|Any CPU
		{51A05FAE-A3CB-46FF-81D9-8D681FBEC157}.Debug|x64.Build.0 = Debug|Any CPU
		{51A05FAE-A3CB-46FF-81D9-8D681FBEC157}.Debug|x86.ActiveCfg = Debug|Any CPU
		{51A05FAE-A3CB-46FF-81D9-8D681FBEC157}.Debug|x86.Build.0 = Debug|Any CPU
		{51A05FAE-A3CB-46FF-81D9-8D681FBEC157}.Release|Any CPU.ActiveCfg = Release|Any CPU
		{51A05FAE-A3CB-46FF-81D9-8D681FBEC157}.Release|Any CPU.Build.0 = Release|Any CPU
		{51A05FAE-A3CB-46FF-81D9-8D681FBEC157}.Release|x64.ActiveCfg = Release|Any CPU
		{51A05FAE-A3CB-46FF-81D9-8D681FBEC157}.Release|x64.Build.0 = Release|Any CPU
		{51A05FAE-A3CB-46FF-81D9-8D681FBEC157}.Release|x86.ActiveCfg = Release|Any CPU
		{51A05FAE-A3CB-46FF-81D9-8D681FBEC157}.Release|x86.Build.0 = Release|Any CPU
		{3F38F51D-C232-4A0C-AF71-6206ED6A61E8}.Debug|Any CPU.ActiveCfg = Debug|Any CPU
		{3F38F51D-C232-4A0C-AF71-6206ED6A61E8}.Debug|Any CPU.Build.0 = Debug|Any CPU
		{3F38F51D-C232-4A0C-AF71-6206ED6A61E8}.Debug|x64.ActiveCfg = Debug|Any CPU
		{3F38F51D-C232-4A0C-AF71-6206ED6A61E8}.Debug|x64.Build.0 = Debug|Any CPU
		{3F38F51D-C232-4A0C-AF71-6206ED6A61E8}.Debug|x86.ActiveCfg = Debug|Any CPU
		{3F38F51D-C232-4A0C-AF71-6206ED6A61E8}.Debug|x86.Build.0 = Debug|Any CPU
		{3F38F51D-C232-4A0C-AF71-6206ED6A61E8}.Release|Any CPU.ActiveCfg = Release|Any CPU
		{3F38F51D-C232-4A0C-AF71-6206ED6A61E8}.Release|Any CPU.Build.0 = Release|Any CPU
		{3F38F51D-C232-4A0C-AF71-6206ED6A61E8}.Release|x64.ActiveCfg = Release|Any CPU
		{3F38F51D-C232-4A0C-AF71-6206ED6A61E8}.Release|x64.Build.0 = Release|Any CPU
		{3F38F51D-C232-4A0C-AF71-6206ED6A61E8}.Release|x86.ActiveCfg = Release|Any CPU
		{3F38F51D-C232-4A0C-AF71-6206ED6A61E8}.Release|x86.Build.0 = Release|Any CPU
		{EA1A77B9-F143-4906-8989-23AB89E0E680}.Debug|Any CPU.ActiveCfg = Debug|Any CPU
		{EA1A77B9-F143-4906-8989-23AB89E0E680}.Debug|Any CPU.Build.0 = Debug|Any CPU
		{EA1A77B9-F143-4906-8989-23AB89E0E680}.Debug|x64.ActiveCfg = Debug|Any CPU
		{EA1A77B9-F143-4906-8989-23AB89E0E680}.Debug|x64.Build.0 = Debug|Any CPU
		{EA1A77B9-F143-4906-8989-23AB89E0E680}.Debug|x86.ActiveCfg = Debug|Any CPU
		{EA1A77B9-F143-4906-8989-23AB89E0E680}.Debug|x86.Build.0 = Debug|Any CPU
		{EA1A77B9-F143-4906-8989-23AB89E0E680}.Release|Any CPU.ActiveCfg = Release|Any CPU
		{EA1A77B9-F143-4906-8989-23AB89E0E680}.Release|Any CPU.Build.0 = Release|Any CPU
		{EA1A77B9-F143-4906-8989-23AB89E0E680}.Release|x64.ActiveCfg = Release|Any CPU
		{EA1A77B9-F143-4906-8989-23AB89E0E680}.Release|x64.Build.0 = Release|Any CPU
		{EA1A77B9-F143-4906-8989-23AB89E0E680}.Release|x86.ActiveCfg = Release|Any CPU
		{EA1A77B9-F143-4906-8989-23AB89E0E680}.Release|x86.Build.0 = Release|Any CPU
		{F55F92EF-45A6-4150-A8E5-6D5BEB7F6352}.Debug|Any CPU.ActiveCfg = Debug|Any CPU
		{F55F92EF-45A6-4150-A8E5-6D5BEB7F6352}.Debug|Any CPU.Build.0 = Debug|Any CPU
		{F55F92EF-45A6-4150-A8E5-6D5BEB7F6352}.Debug|x64.ActiveCfg = Debug|Any CPU
		{F55F92EF-45A6-4150-A8E5-6D5BEB7F6352}.Debug|x64.Build.0 = Debug|Any CPU
		{F55F92EF-45A6-4150-A8E5-6D5BEB7F6352}.Debug|x86.ActiveCfg = Debug|Any CPU
		{F55F92EF-45A6-4150-A8E5-6D5BEB7F6352}.Debug|x86.Build.0 = Debug|Any CPU
		{F55F92EF-45A6-4150-A8E5-6D5BEB7F6352}.Release|Any CPU.ActiveCfg = Release|Any CPU
		{F55F92EF-45A6-4150-A8E5-6D5BEB7F6352}.Release|Any CPU.Build.0 = Release|Any CPU
		{F55F92EF-45A6-4150-A8E5-6D5BEB7F6352}.Release|x64.ActiveCfg = Release|Any CPU
		{F55F92EF-45A6-4150-A8E5-6D5BEB7F6352}.Release|x64.Build.0 = Release|Any CPU
		{F55F92EF-45A6-4150-A8E5-6D5BEB7F6352}.Release|x86.ActiveCfg = Release|Any CPU
		{F55F92EF-45A6-4150-A8E5-6D5BEB7F6352}.Release|x86.Build.0 = Release|Any CPU
	EndGlobalSection
EndGlobal
